
Microsoft Visual Studio Solution File, Format Version 11.00
# Visual Studio 2010
Project("{FAE04EC0-301F-11D3-BF4B-00C04F79EFBC}") = "DiffMatchPatch", "DiffMatchPatch\DiffMatchPatch.csproj", "{CEF14802-E9A6-421D-B16D-BDFE3202764F}"
EndProject
Project("{FAE04EC0-301F-11D3-BF4B-00C04F79EFBC}") = "DocDiff", "DocDiff\DocDiff.csproj", "{456E68D2-5C5C-426F-A5FC-251936730D9F}"
EndProject
Project("{FAE04EC0-301F-11D3-BF4B-00C04F79EFBC}") = "Demos", "Demos\Demos.csproj", "{9EF6075B-2E10-479C-9F63-C4AC82CE85B1}"
EndProject
Global
	GlobalSection(SolutionConfigurationPlatforms) = preSolution
		Debug|Any CPU = Debug|Any CPU
		Debug|Mixed Platforms = Debug|Mixed Platforms
		Debug|x86 = Debug|x86
		Release|Any CPU = Release|Any CPU
		Release|Mixed Platforms = Release|Mixed Platforms
		Release|x86 = Release|x86
	EndGlobalSection
	GlobalSection(ProjectConfigurationPlatforms) = postSolution
		{CEF14802-E9A6-421D-B16D-BDFE3202764F}.Debug|Any CPU.ActiveCfg = Debug|Any CPU
		{CEF14802-E9A6-421D-B16D-BDFE3202764F}.Debug|Any CPU.Build.0 = Debug|Any CPU
		{CEF14802-E9A6-421D-B16D-BDFE3202764F}.Debug|Mixed Platforms.ActiveCfg = Debug|Any CPU
		{CEF14802-E9A6-421D-B16D-BDFE3202764F}.Debug|Mixed Platforms.Build.0 = Debug|Any CPU
		{CEF14802-E9A6-421D-B16D-BDFE3202764F}.Debug|x86.ActiveCfg = Debug|Any CPU
		{CEF14802-E9A6-421D-B16D-BDFE3202764F}.Release|Any CPU.ActiveCfg = Release|Any CPU
		{CEF14802-E9A6-421D-B16D-BDFE3202764F}.Release|Any CPU.Build.0 = Release|Any CPU
		{CEF14802-E9A6-421D-B16D-BDFE3202764F}.Release|Mixed Platforms.ActiveCfg = Release|Any CPU
		{CEF14802-E9A6-421D-B16D-BDFE3202764F}.Release|Mixed Platforms.Build.0 = Release|Any CPU
		{CEF14802-E9A6-421D-B16D-BDFE3202764F}.Release|x86.ActiveCfg = Release|Any CPU
		{456E68D2-5C5C-426F-A5FC-251936730D9F}.Debug|Any CPU.ActiveCfg = Debug|Any CPU
		{456E68D2-5C5C-426F-A5FC-251936730D9F}.Debug|Any CPU.Build.0 = Debug|Any CPU
		{456E68D2-5C5C-426F-A5FC-251936730D9F}.Debug|Mixed Platforms.ActiveCfg = Debug|Any CPU
		{456E68D2-5C5C-426F-A5FC-251936730D9F}.Debug|Mixed Platforms.Build.0 = Debug|Any CPU
		{456E68D2-5C5C-426F-A5FC-251936730D9F}.Debug|x86.ActiveCfg = Debug|Any CPU
		{456E68D2-5C5C-426F-A5FC-251936730D9F}.Release|Any CPU.ActiveCfg = Release|Any CPU
		{456E68D2-5C5C-426F-A5FC-251936730D9F}.Release|Any CPU.Build.0 = Release|Any CPU
		{456E68D2-5C5C-426F-A5FC-251936730D9F}.Release|Mixed Platforms.ActiveCfg = Release|Any CPU
		{456E68D2-5C5C-426F-A5FC-251936730D9F}.Release|Mixed Platforms.Build.0 = Release|Any CPU
		{456E68D2-5C5C-426F-A5FC-251936730D9F}.Release|x86.ActiveCfg = Release|Any CPU
		{9EF6075B-2E10-479C-9F63-C4AC82CE85B1}.Debug|Any CPU.ActiveCfg = Debug|Any CPU
		{9EF6075B-2E10-479C-9F63-C4AC82CE85B1}.Debug|Any CPU.Build.0 = Debug|Any CPU
		{9EF6075B-2E10-479C-9F63-C4AC82CE85B1}.Debug|Mixed Platforms.ActiveCfg = Debug|Any CPU
		{9EF6075B-2E10-479C-9F63-C4AC82CE85B1}.Debug|Mixed Platforms.Build.0 = Debug|Any CPU
		{9EF6075B-2E10-479C-9F63-C4AC82CE85B1}.Debug|x86.ActiveCfg = Debug|Any CPU
		{9EF6075B-2E10-479C-9F63-C4AC82CE85B1}.Release|Any CPU.ActiveCfg = Release|Any CPU
		{9EF6075B-2E10-479C-9F63-C4AC82CE85B1}.Release|Any CPU.Build.0 = Release|Any CPU
		{9EF6075B-2E10-479C-9F63-C4AC82CE85B1}.Release|Mixed Platforms.ActiveCfg = Release|Any CPU
		{9EF6075B-2E10-479C-9F63-C4AC82CE85B1}.Release|Mixed Platforms.Build.0 = Release|Any CPU
		{9EF6075B-2E10-479C-9F63-C4AC82CE85B1}.Release|x86.ActiveCfg = Release|Any CPU
	EndGlobalSection
	GlobalSection(SolutionProperties) = preSolution
		HideSolutionNode = FALSE
	EndGlobalSection
EndGlobal
